
Microsoft Visual Studio Solution File, Format Version 12.00
# Visual Studio Version 16
VisualStudioVersion = 16.0.30611.23
MinimumVisualStudioVersion = 10.0.40219.1
Project("{8BC9CEB8-8B4A-11D0-8D11-00A0C91BC942}") = "jiake", "jiake\jiake.vcxproj", "{1EF1F49B-8211-46A7-870F-6FD3820CAB0C}"
EndProject
Global
	GlobalSection(SolutionConfigurationPlatforms) = preSolution
		Debug|x64 = Debug|x64
		Debug|x86 = Debug|x86
		Release|x64 = Release|x64
		Release|x86 = Release|x86
	EndGlobalSection
	GlobalSection(ProjectConfigurationPlatforms) = postSolution
		{1EF1F49B-8211-46A7-870F-6FD3820CAB0C}.Debug|x64.ActiveCfg = Debug|x64
		{1EF1F49B-8211-46A7-870F-6FD3820CAB0C}.Debug|x64.Build.0 = Debug|x64
		{1EF1F49B-8211-46A7-870F-6FD3820CAB0C}.Debug|x86.ActiveCfg = Debug|Win32
		{1EF1F49B-8211-46A7-870F-6FD3820CAB0C}.Debug|x86.Build.0 = Debug|Win32
		{1EF1F49B-8211-46A7-870F-6FD3820CAB0C}.Release|x64.ActiveCfg = Release|x64
		{1EF1F49B-8211-46A7-870F-6FD3820CAB0C}.Release|x64.Build.0 = Release|x64
		{1EF1F49B-8211-46A7-870F-6FD3820CAB0C}.Release|x86.ActiveCfg = Release|Win32
		{1EF1F49B-8211-46A7-870F-6FD3820CAB0C}.Release|x86.Build.0 = Release|Win32
	EndGlobalSection
	GlobalSection(SolutionProperties) = preSolution
		HideSolutionNode = FALSE
	EndGlobalSection
	GlobalSection(ExtensibilityGlobals) = postSolution
		SolutionGuid = {A2A9B995-053F-4282-9825-6E470202EF60}
	EndGlobalSection
EndGlobal
